
Microsoft Visual Studio Solution File, Format Version 11.00
# Visual Studio 2010
Project("{FAE04EC0-301F-11D3-BF4B-00C04F79EFBC}") = "MonkeyArmsTests", "MonkeyArmsTests\MonkeyArmsTests.csproj", "{3137AFE4-1EF7-4509-B428-3148F2D0B2A2}"
EndProject
Project("{FAE04EC0-301F-11D3-BF4B-00C04F79EFBC}") = "MonkeyArmsFramework", "MonkeyArmsFramework\MonkeyArmsFramework.csproj", "{A58D8DAE-62D2-40C4-9361-5BAF30CF1747}"
EndProject
Global
	GlobalSection(SolutionConfigurationPlatforms) = preSolution
		Debug|Any CPU = Debug|Any CPU
		Release|Any CPU = Release|Any CPU
	EndGlobalSection
	GlobalSection(ProjectConfigurationPlatforms) = postSolution
		{3137AFE4-1EF7-4509-B428-3148F2D0B2A2}.Debug|Any CPU.ActiveCfg = Debug|Any CPU
		{3137AFE4-1EF7-4509-B428-3148F2D0B2A2}.Debug|Any CPU.Build.0 = Debug|Any CPU
		{3137AFE4-1EF7-4509-B428-3148F2D0B2A2}.Release|Any CPU.ActiveCfg = Release|Any CPU
		{3137AFE4-1EF7-4509-B428-3148F2D0B2A2}.Release|Any CPU.Build.0 = Release|Any CPU
		{A58D8DAE-62D2-40C4-9361-5BAF30CF1747}.Debug|Any CPU.ActiveCfg = Debug|Any CPU
		{A58D8DAE-62D2-40C4-9361-5BAF30CF1747}.Debug|Any CPU.Build.0 = Debug|Any CPU
		{A58D8DAE-62D2-40C4-9361-5BAF30CF1747}.Release|Any CPU.ActiveCfg = Release|Any CPU
		{A58D8DAE-62D2-40C4-9361-5BAF30CF1747}.Release|Any CPU.Build.0 = Release|Any CPU
	EndGlobalSection
	GlobalSection(MonoDevelopProperties) = preSolution
		StartupItem = MonkeyArmsTests\MonkeyArmsTests.csproj
	EndGlobalSection
EndGlobal
