
Microsoft Visual Studio Solution File, Format Version 12.00
# Visual Studio 2012
Project("{FAE04EC0-301F-11D3-BF4B-00C04F79EFBC}") = "MonkeyArms.Core.Tests", "MonkeyArmsTests\MonkeyArms.Core.Tests.csproj", "{3137AFE4-1EF7-4509-B428-3148F2D0B2A2}"
EndProject
Project("{FAE04EC0-301F-11D3-BF4B-00C04F79EFBC}") = "MonkeyArms.IOS.Tests", "iOSTests\MonkeyArms.IOS.Tests.csproj", "{CD7DC581-5AFB-4078-BD0C-A7D3A7A21D39}"
EndProject
Project("{FAE04EC0-301F-11D3-BF4B-00C04F79EFBC}") = "MonkeyArms.IOS", "MonkeyArmsIOS\MonkeyArms.IOS.csproj", "{F3839112-5C4A-458C-9296-457E723AB232}"
EndProject
Project("{FAE04EC0-301F-11D3-BF4B-00C04F79EFBC}") = "MonkeyArms.Android", "MonkeyArmsAndroid\MonkeyArms.Android.csproj", "{F7218AC6-F1C9-4C56-9D95-E671FE3F4AD6}"
EndProject
Project("{FAE04EC0-301F-11D3-BF4B-00C04F79EFBC}") = "MonkeyArms.Core", "MonkeyArms.Core\MonkeyArms.Core.csproj", "{589DECC6-C6BC-4F43-A596-C3DD38FFB97B}"
EndProject
Global
	GlobalSection(SolutionConfigurationPlatforms) = preSolution
		Ad-Hoc|Any CPU = Ad-Hoc|Any CPU
		Ad-Hoc|iPhone = Ad-Hoc|iPhone
		Ad-Hoc|iPhoneSimulator = Ad-Hoc|iPhoneSimulator
		AppStore|Any CPU = AppStore|Any CPU
		AppStore|iPhone = AppStore|iPhone
		AppStore|iPhoneSimulator = AppStore|iPhoneSimulator
		Debug|Any CPU = Debug|Any CPU
		Debug|iPhone = Debug|iPhone
		Debug|iPhoneSimulator = Debug|iPhoneSimulator
		Release|Any CPU = Release|Any CPU
		Release|iPhone = Release|iPhone
		Release|iPhoneSimulator = Release|iPhoneSimulator
	EndGlobalSection
	GlobalSection(ProjectConfigurationPlatforms) = postSolution
		{3137AFE4-1EF7-4509-B428-3148F2D0B2A2}.Ad-Hoc|Any CPU.ActiveCfg = Release|Any CPU
		{3137AFE4-1EF7-4509-B428-3148F2D0B2A2}.Ad-Hoc|Any CPU.Build.0 = Release|Any CPU
		{3137AFE4-1EF7-4509-B428-3148F2D0B2A2}.Ad-Hoc|iPhone.ActiveCfg = Debug|Any CPU
		{3137AFE4-1EF7-4509-B428-3148F2D0B2A2}.Ad-Hoc|iPhone.Build.0 = Debug|Any CPU
		{3137AFE4-1EF7-4509-B428-3148F2D0B2A2}.Ad-Hoc|iPhoneSimulator.ActiveCfg = Release|Any CPU
		{3137AFE4-1EF7-4509-B428-3148F2D0B2A2}.AppStore|Any CPU.ActiveCfg = Release|Any CPU
		{3137AFE4-1EF7-4509-B428-3148F2D0B2A2}.AppStore|Any CPU.Build.0 = Release|Any CPU
		{3137AFE4-1EF7-4509-B428-3148F2D0B2A2}.AppStore|iPhone.ActiveCfg = Debug|Any CPU
		{3137AFE4-1EF7-4509-B428-3148F2D0B2A2}.AppStore|iPhone.Build.0 = Debug|Any CPU
		{3137AFE4-1EF7-4509-B428-3148F2D0B2A2}.AppStore|iPhoneSimulator.ActiveCfg = Release|Any CPU
		{3137AFE4-1EF7-4509-B428-3148F2D0B2A2}.Debug|Any CPU.ActiveCfg = Debug|Any CPU
		{3137AFE4-1EF7-4509-B428-3148F2D0B2A2}.Debug|Any CPU.Build.0 = Debug|Any CPU
		{3137AFE4-1EF7-4509-B428-3148F2D0B2A2}.Debug|iPhone.ActiveCfg = Debug|Any CPU
		{3137AFE4-1EF7-4509-B428-3148F2D0B2A2}.Debug|iPhone.Build.0 = Debug|Any CPU
		{3137AFE4-1EF7-4509-B428-3148F2D0B2A2}.Debug|iPhoneSimulator.ActiveCfg = Debug|Any CPU
		{3137AFE4-1EF7-4509-B428-3148F2D0B2A2}.Debug|iPhoneSimulator.Build.0 = Debug|Any CPU
		{3137AFE4-1EF7-4509-B428-3148F2D0B2A2}.Release|Any CPU.ActiveCfg = Release|Any CPU
		{3137AFE4-1EF7-4509-B428-3148F2D0B2A2}.Release|Any CPU.Build.0 = Release|Any CPU
		{3137AFE4-1EF7-4509-B428-3148F2D0B2A2}.Release|iPhone.ActiveCfg = Release|Any CPU
		{3137AFE4-1EF7-4509-B428-3148F2D0B2A2}.Release|iPhone.Build.0 = Release|Any CPU
		{3137AFE4-1EF7-4509-B428-3148F2D0B2A2}.Release|iPhoneSimulator.ActiveCfg = Release|Any CPU
		{3137AFE4-1EF7-4509-B428-3148F2D0B2A2}.Release|iPhoneSimulator.Build.0 = Release|Any CPU
		{589DECC6-C6BC-4F43-A596-C3DD38FFB97B}.Ad-Hoc|Any CPU.ActiveCfg = Debug|Any CPU
		{589DECC6-C6BC-4F43-A596-C3DD38FFB97B}.Ad-Hoc|Any CPU.Build.0 = Debug|Any CPU
		{589DECC6-C6BC-4F43-A596-C3DD38FFB97B}.Ad-Hoc|iPhone.ActiveCfg = Release|Any CPU
		{589DECC6-C6BC-4F43-A596-C3DD38FFB97B}.Ad-Hoc|iPhone.Build.0 = Release|Any CPU
		{589DECC6-C6BC-4F43-A596-C3DD38FFB97B}.Ad-Hoc|iPhoneSimulator.ActiveCfg = Debug|Any CPU
		{589DECC6-C6BC-4F43-A596-C3DD38FFB97B}.Ad-Hoc|iPhoneSimulator.Build.0 = Debug|Any CPU
		{589DECC6-C6BC-4F43-A596-C3DD38FFB97B}.AppStore|Any CPU.ActiveCfg = Debug|Any CPU
		{589DECC6-C6BC-4F43-A596-C3DD38FFB97B}.AppStore|Any CPU.Build.0 = Debug|Any CPU
		{589DECC6-C6BC-4F43-A596-C3DD38FFB97B}.AppStore|iPhone.ActiveCfg = Release|Any CPU
		{589DECC6-C6BC-4F43-A596-C3DD38FFB97B}.AppStore|iPhone.Build.0 = Release|Any CPU
		{589DECC6-C6BC-4F43-A596-C3DD38FFB97B}.AppStore|iPhoneSimulator.ActiveCfg = Debug|Any CPU
		{589DECC6-C6BC-4F43-A596-C3DD38FFB97B}.AppStore|iPhoneSimulator.Build.0 = Debug|Any CPU
		{589DECC6-C6BC-4F43-A596-C3DD38FFB97B}.Debug|Any CPU.ActiveCfg = Debug|Any CPU
		{589DECC6-C6BC-4F43-A596-C3DD38FFB97B}.Debug|Any CPU.Build.0 = Debug|Any CPU
		{589DECC6-C6BC-4F43-A596-C3DD38FFB97B}.Debug|iPhone.ActiveCfg = Debug|Any CPU
		{589DECC6-C6BC-4F43-A596-C3DD38FFB97B}.Debug|iPhone.Build.0 = Debug|Any CPU
		{589DECC6-C6BC-4F43-A596-C3DD38FFB97B}.Debug|iPhoneSimulator.ActiveCfg = Debug|Any CPU
		{589DECC6-C6BC-4F43-A596-C3DD38FFB97B}.Debug|iPhoneSimulator.Build.0 = Debug|Any CPU
		{589DECC6-C6BC-4F43-A596-C3DD38FFB97B}.Release|Any CPU.ActiveCfg = Release|Any CPU
		{589DECC6-C6BC-4F43-A596-C3DD38FFB97B}.Release|Any CPU.Build.0 = Release|Any CPU
		{589DECC6-C6BC-4F43-A596-C3DD38FFB97B}.Release|iPhone.ActiveCfg = Release|Any CPU
		{589DECC6-C6BC-4F43-A596-C3DD38FFB97B}.Release|iPhone.Build.0 = Release|Any CPU
		{589DECC6-C6BC-4F43-A596-C3DD38FFB97B}.Release|iPhoneSimulator.ActiveCfg = Release|Any CPU
		{589DECC6-C6BC-4F43-A596-C3DD38FFB97B}.Release|iPhoneSimulator.Build.0 = Release|Any CPU
		{CD7DC581-5AFB-4078-BD0C-A7D3A7A21D39}.Ad-Hoc|Any CPU.ActiveCfg = Ad-Hoc|iPhoneSimulator
		{CD7DC581-5AFB-4078-BD0C-A7D3A7A21D39}.Ad-Hoc|iPhone.ActiveCfg = Ad-Hoc|iPhone
		{CD7DC581-5AFB-4078-BD0C-A7D3A7A21D39}.Ad-Hoc|iPhone.Build.0 = Ad-Hoc|iPhone
		{CD7DC581-5AFB-4078-BD0C-A7D3A7A21D39}.Ad-Hoc|iPhoneSimulator.ActiveCfg = Ad-Hoc|iPhoneSimulator
		{CD7DC581-5AFB-4078-BD0C-A7D3A7A21D39}.Ad-Hoc|iPhoneSimulator.Build.0 = Ad-Hoc|iPhoneSimulator
		{CD7DC581-5AFB-4078-BD0C-A7D3A7A21D39}.Ad-Hoc|iPhoneSimulator.Deploy.0 = Ad-Hoc|iPhoneSimulator
		{CD7DC581-5AFB-4078-BD0C-A7D3A7A21D39}.AppStore|Any CPU.ActiveCfg = AppStore|iPhoneSimulator
		{CD7DC581-5AFB-4078-BD0C-A7D3A7A21D39}.AppStore|iPhone.ActiveCfg = AppStore|iPhone
		{CD7DC581-5AFB-4078-BD0C-A7D3A7A21D39}.AppStore|iPhone.Build.0 = AppStore|iPhone
		{CD7DC581-5AFB-4078-BD0C-A7D3A7A21D39}.AppStore|iPhoneSimulator.ActiveCfg = AppStore|iPhoneSimulator
		{CD7DC581-5AFB-4078-BD0C-A7D3A7A21D39}.AppStore|iPhoneSimulator.Build.0 = AppStore|iPhoneSimulator
		{CD7DC581-5AFB-4078-BD0C-A7D3A7A21D39}.AppStore|iPhoneSimulator.Deploy.0 = AppStore|iPhoneSimulator
		{CD7DC581-5AFB-4078-BD0C-A7D3A7A21D39}.Debug|Any CPU.ActiveCfg = Debug|iPhoneSimulator
		{CD7DC581-5AFB-4078-BD0C-A7D3A7A21D39}.Debug|Any CPU.Build.0 = Debug|iPhoneSimulator
		{CD7DC581-5AFB-4078-BD0C-A7D3A7A21D39}.Debug|iPhone.ActiveCfg = Debug|iPhone
		{CD7DC581-5AFB-4078-BD0C-A7D3A7A21D39}.Debug|iPhone.Build.0 = Debug|iPhone
		{CD7DC581-5AFB-4078-BD0C-A7D3A7A21D39}.Debug|iPhoneSimulator.ActiveCfg = Debug|iPhoneSimulator
		{CD7DC581-5AFB-4078-BD0C-A7D3A7A21D39}.Debug|iPhoneSimulator.Build.0 = Debug|iPhoneSimulator
		{CD7DC581-5AFB-4078-BD0C-A7D3A7A21D39}.Release|Any CPU.ActiveCfg = Release|iPhoneSimulator
		{CD7DC581-5AFB-4078-BD0C-A7D3A7A21D39}.Release|Any CPU.Build.0 = Release|iPhoneSimulator
		{CD7DC581-5AFB-4078-BD0C-A7D3A7A21D39}.Release|iPhone.ActiveCfg = Release|iPhone
		{CD7DC581-5AFB-4078-BD0C-A7D3A7A21D39}.Release|iPhone.Build.0 = Release|iPhone
		{CD7DC581-5AFB-4078-BD0C-A7D3A7A21D39}.Release|iPhoneSimulator.ActiveCfg = Release|iPhoneSimulator
		{CD7DC581-5AFB-4078-BD0C-A7D3A7A21D39}.Release|iPhoneSimulator.Build.0 = Release|iPhoneSimulator
		{F3839112-5C4A-458C-9296-457E723AB232}.Ad-Hoc|Any CPU.ActiveCfg = Debug|Any CPU
		{F3839112-5C4A-458C-9296-457E723AB232}.Ad-Hoc|Any CPU.Build.0 = Debug|Any CPU
		{F3839112-5C4A-458C-9296-457E723AB232}.Ad-Hoc|iPhone.ActiveCfg = Release|Any CPU
		{F3839112-5C4A-458C-9296-457E723AB232}.Ad-Hoc|iPhone.Build.0 = Release|Any CPU
		{F3839112-5C4A-458C-9296-457E723AB232}.Ad-Hoc|iPhoneSimulator.ActiveCfg = Debug|Any CPU
		{F3839112-5C4A-458C-9296-457E723AB232}.Ad-Hoc|iPhoneSimulator.Build.0 = Debug|Any CPU
		{F3839112-5C4A-458C-9296-457E723AB232}.AppStore|Any CPU.ActiveCfg = Debug|Any CPU
		{F3839112-5C4A-458C-9296-457E723AB232}.AppStore|Any CPU.Build.0 = Debug|Any CPU
		{F3839112-5C4A-458C-9296-457E723AB232}.AppStore|iPhone.ActiveCfg = Release|Any CPU
		{F3839112-5C4A-458C-9296-457E723AB232}.AppStore|iPhone.Build.0 = Release|Any CPU
		{F3839112-5C4A-458C-9296-457E723AB232}.AppStore|iPhoneSimulator.ActiveCfg = Debug|Any CPU
		{F3839112-5C4A-458C-9296-457E723AB232}.AppStore|iPhoneSimulator.Build.0 = Debug|Any CPU
		{F3839112-5C4A-458C-9296-457E723AB232}.Debug|Any CPU.ActiveCfg = Debug|Any CPU
		{F3839112-5C4A-458C-9296-457E723AB232}.Debug|Any CPU.Build.0 = Debug|Any CPU
		{F3839112-5C4A-458C-9296-457E723AB232}.Debug|iPhone.ActiveCfg = Debug|Any CPU
		{F3839112-5C4A-458C-9296-457E723AB232}.Debug|iPhone.Build.0 = Debug|Any CPU
		{F3839112-5C4A-458C-9296-457E723AB232}.Debug|iPhoneSimulator.ActiveCfg = Debug|Any CPU
		{F3839112-5C4A-458C-9296-457E723AB232}.Debug|iPhoneSimulator.Build.0 = Debug|Any CPU
		{F3839112-5C4A-458C-9296-457E723AB232}.Release|Any CPU.ActiveCfg = Release|Any CPU
		{F3839112-5C4A-458C-9296-457E723AB232}.Release|Any CPU.Build.0 = Release|Any CPU
		{F3839112-5C4A-458C-9296-457E723AB232}.Release|iPhone.ActiveCfg = Release|Any CPU
		{F3839112-5C4A-458C-9296-457E723AB232}.Release|iPhone.Build.0 = Release|Any CPU
		{F3839112-5C4A-458C-9296-457E723AB232}.Release|iPhoneSimulator.ActiveCfg = Release|Any CPU
		{F3839112-5C4A-458C-9296-457E723AB232}.Release|iPhoneSimulator.Build.0 = Release|Any CPU
		{F7218AC6-F1C9-4C56-9D95-E671FE3F4AD6}.Ad-Hoc|Any CPU.ActiveCfg = Debug|Any CPU
		{F7218AC6-F1C9-4C56-9D95-E671FE3F4AD6}.Ad-Hoc|Any CPU.Build.0 = Debug|Any CPU
		{F7218AC6-F1C9-4C56-9D95-E671FE3F4AD6}.Ad-Hoc|iPhone.ActiveCfg = Release|Any CPU
		{F7218AC6-F1C9-4C56-9D95-E671FE3F4AD6}.Ad-Hoc|iPhone.Build.0 = Release|Any CPU
		{F7218AC6-F1C9-4C56-9D95-E671FE3F4AD6}.Ad-Hoc|iPhoneSimulator.ActiveCfg = Debug|Any CPU
		{F7218AC6-F1C9-4C56-9D95-E671FE3F4AD6}.Ad-Hoc|iPhoneSimulator.Build.0 = Debug|Any CPU
		{F7218AC6-F1C9-4C56-9D95-E671FE3F4AD6}.AppStore|Any CPU.ActiveCfg = Debug|Any CPU
		{F7218AC6-F1C9-4C56-9D95-E671FE3F4AD6}.AppStore|Any CPU.Build.0 = Debug|Any CPU
		{F7218AC6-F1C9-4C56-9D95-E671FE3F4AD6}.AppStore|iPhone.ActiveCfg = Release|Any CPU
		{F7218AC6-F1C9-4C56-9D95-E671FE3F4AD6}.AppStore|iPhone.Build.0 = Release|Any CPU
		{F7218AC6-F1C9-4C56-9D95-E671FE3F4AD6}.AppStore|iPhoneSimulator.ActiveCfg = Debug|Any CPU
		{F7218AC6-F1C9-4C56-9D95-E671FE3F4AD6}.AppStore|iPhoneSimulator.Build.0 = Debug|Any CPU
		{F7218AC6-F1C9-4C56-9D95-E671FE3F4AD6}.Debug|Any CPU.ActiveCfg = Debug|Any CPU
		{F7218AC6-F1C9-4C56-9D95-E671FE3F4AD6}.Debug|Any CPU.Build.0 = Debug|Any CPU
		{F7218AC6-F1C9-4C56-9D95-E671FE3F4AD6}.Debug|iPhone.ActiveCfg = Debug|Any CPU
		{F7218AC6-F1C9-4C56-9D95-E671FE3F4AD6}.Debug|iPhone.Build.0 = Debug|Any CPU
		{F7218AC6-F1C9-4C56-9D95-E671FE3F4AD6}.Debug|iPhoneSimulator.ActiveCfg = Debug|Any CPU
		{F7218AC6-F1C9-4C56-9D95-E671FE3F4AD6}.Debug|iPhoneSimulator.Build.0 = Debug|Any CPU
		{F7218AC6-F1C9-4C56-9D95-E671FE3F4AD6}.Release|Any CPU.ActiveCfg = Release|Any CPU
		{F7218AC6-F1C9-4C56-9D95-E671FE3F4AD6}.Release|Any CPU.Build.0 = Release|Any CPU
		{F7218AC6-F1C9-4C56-9D95-E671FE3F4AD6}.Release|iPhone.ActiveCfg = Release|Any CPU
		{F7218AC6-F1C9-4C56-9D95-E671FE3F4AD6}.Release|iPhone.Build.0 = Release|Any CPU
		{F7218AC6-F1C9-4C56-9D95-E671FE3F4AD6}.Release|iPhoneSimulator.ActiveCfg = Release|Any CPU
		{F7218AC6-F1C9-4C56-9D95-E671FE3F4AD6}.Release|iPhoneSimulator.Build.0 = Release|Any CPU
	EndGlobalSection
	GlobalSection(MonoDevelopProperties) = preSolution
		StartupItem = MonkeyArmsTests\MonkeyArms.Core.Tests.csproj
	EndGlobalSection
	GlobalSection(SolutionProperties) = preSolution
		HideSolutionNode = FALSE
	EndGlobalSection
EndGlobal
